
Microsoft Visual Studio Solution File, Format Version 12.00
# Visual Studio Version 17
VisualStudioVersion = 17.3.32929.385
MinimumVisualStudioVersion = 10.0.40219.1
Project("{8BC9CEB8-8B4A-11D0-8D11-00A0C91BC942}") = "Bai_001", "1\1.vcxproj", "{3CB2CB13-E0F0-40F7-92A7-7B093B486F63}"
EndProject
Project("{8BC9CEB8-8B4A-11D0-8D11-00A0C91BC942}") = "Bai_002", "2\2.vcxproj", "{D26BB5E3-C1B0-45BA-83E7-3F5DBEA99AFE}"
EndProject
Project("{8BC9CEB8-8B4A-11D0-8D11-00A0C91BC942}") = "Bai_003", "3\3.vcxproj", "{572A851C-72DB-4830-A457-E347925AFB2F}"
EndProject
Project("{8BC9CEB8-8B4A-11D0-8D11-00A0C91BC942}") = "Bai_004", "4\4.vcxproj", "{008AC33E-6BCE-4D10-BCF5-E0CBCFBAFC6A}"
EndProject
Project("{8BC9CEB8-8B4A-11D0-8D11-00A0C91BC942}") = "Bai_005", "5\5.vcxproj", "{4D5A0499-6748-49EF-AA53-DBF0DD125633}"
EndProject
Project("{8BC9CEB8-8B4A-11D0-8D11-00A0C91BC942}") = "Bai_006", "6\6.vcxproj", "{AFF82641-E355-457B-8FE9-5A3A663222DF}"
EndProject
Project("{8BC9CEB8-8B4A-11D0-8D11-00A0C91BC942}") = "Bai_007", "7\7.vcxproj", "{FFFE7F36-0D64-4A82-9F40-A3E942D1FEE0}"
EndProject
Project("{8BC9CEB8-8B4A-11D0-8D11-00A0C91BC942}") = "Bai_008", "8\8.vcxproj", "{A534D384-7843-41D9-B11D-52CD881BCFD6}"
EndProject
Project("{8BC9CEB8-8B4A-11D0-8D11-00A0C91BC942}") = "Bai_009", "9\9.vcxproj", "{E99F4674-A4D7-4C00-A312-22460DCD10D0}"
EndProject
Project("{8BC9CEB8-8B4A-11D0-8D11-00A0C91BC942}") = "Bai_010", "10\10.vcxproj", "{45E45263-0EC0-4CF4-A51A-DE8FF204C5DE}"
EndProject
Project("{8BC9CEB8-8B4A-11D0-8D11-00A0C91BC942}") = "Bai_011", "11\11.vcxproj", "{008ED153-B957-4219-9F3F-A31F123E592C}"
EndProject
Project("{8BC9CEB8-8B4A-11D0-8D11-00A0C91BC942}") = "Bai_012", "12\12.vcxproj", "{915B579C-40BE-4B1B-A917-4727D3FE11B9}"
EndProject
Project("{8BC9CEB8-8B4A-11D0-8D11-00A0C91BC942}") = "Bai_13", "13\13.vcxproj", "{33FD0033-4954-4F6D-8011-A335C84256DB}"
EndProject
Project("{8BC9CEB8-8B4A-11D0-8D11-00A0C91BC942}") = "Bai_14", "14\14.vcxproj", "{D9B56757-388B-43BE-B171-0CDA43FCD2AD}"
EndProject
Project("{8BC9CEB8-8B4A-11D0-8D11-00A0C91BC942}") = "Bai_015", "15\15.vcxproj", "{D3D34E79-3446-4C88-AEFC-B015BB674B99}"
EndProject
Project("{8BC9CEB8-8B4A-11D0-8D11-00A0C91BC942}") = "Bai_016", "16\16.vcxproj", "{61A0FAC9-0C01-45BA-B712-4CD1F5E37C99}"
EndProject
Project("{8BC9CEB8-8B4A-11D0-8D11-00A0C91BC942}") = "Bai_017", "17\17.vcxproj", "{AF5BF7F9-9B05-49AD-8B89-A70A80F8B32C}"
EndProject
Project("{8BC9CEB8-8B4A-11D0-8D11-00A0C91BC942}") = "Bai_018", "18\18.vcxproj", "{37E495BC-9F15-4E39-8E6A-6827B922FA4D}"
EndProject
Project("{8BC9CEB8-8B4A-11D0-8D11-00A0C91BC942}") = "Bai_019", "19\19.vcxproj", "{773A1141-FE27-4FF4-91DC-8B63FD06E2F3}"
EndProject
Project("{8BC9CEB8-8B4A-11D0-8D11-00A0C91BC942}") = "Bai_020", "20\20.vcxproj", "{12A4B2CA-6C25-470E-A9A5-A92D4F245BB3}"
EndProject
Project("{8BC9CEB8-8B4A-11D0-8D11-00A0C91BC942}") = "Bai_021", "21\21.vcxproj", "{068A985F-764F-4714-A113-B23EADAA7198}"
EndProject
Project("{8BC9CEB8-8B4A-11D0-8D11-00A0C91BC942}") = "Bai_022", "22\22.vcxproj", "{F4E7E210-1F2D-4734-9D14-223AA8F7FD01}"
EndProject
Project("{8BC9CEB8-8B4A-11D0-8D11-00A0C91BC942}") = "Bai_023", "23\23.vcxproj", "{B9EBB947-F264-4974-AA6F-784C10764D21}"
EndProject
Project("{8BC9CEB8-8B4A-11D0-8D11-00A0C91BC942}") = "Bai_024", "24\24.vcxproj", "{BCA8DCB9-C300-41F8-A2BF-051F0E68880D}"
EndProject
Project("{8BC9CEB8-8B4A-11D0-8D11-00A0C91BC942}") = "Bai_025", "25\25.vcxproj", "{C1FDEB4D-9D54-4FB8-8501-697C8A7F8C46}"
EndProject
Project("{8BC9CEB8-8B4A-11D0-8D11-00A0C91BC942}") = "Bai_026", "26\26.vcxproj", "{178A0F1F-BBBD-49BF-A11A-9D89B6940AA6}"
EndProject
Project("{8BC9CEB8-8B4A-11D0-8D11-00A0C91BC942}") = "Bai_027", "27\27.vcxproj", "{5AEAFD34-AD74-4F95-AE96-54D041ECACDE}"
EndProject
Project("{8BC9CEB8-8B4A-11D0-8D11-00A0C91BC942}") = "Bai_028", "28\28.vcxproj", "{B4B2AD9D-B19C-43A4-8132-4D88F3DEBE0E}"
EndProject
Project("{8BC9CEB8-8B4A-11D0-8D11-00A0C91BC942}") = "Bai_029", "Project1\Project1.vcxproj", "{858072E3-CB42-4319-B131-986A11251342}"
EndProject
Project("{8BC9CEB8-8B4A-11D0-8D11-00A0C91BC942}") = "Bai_030", "30\30.vcxproj", "{9777FC28-0545-4854-BE02-57F254840D17}"
EndProject
Project("{8BC9CEB8-8B4A-11D0-8D11-00A0C91BC942}") = "Bai_031", "31\31.vcxproj", "{3E9DE751-BA4E-40B5-92D2-A181D06A1AD9}"
EndProject
Project("{8BC9CEB8-8B4A-11D0-8D11-00A0C91BC942}") = "Bai_032", "32\32.vcxproj", "{EE5ACCAE-BBF9-4B06-9E9F-9AE13FCA3F18}"
EndProject
Project("{8BC9CEB8-8B4A-11D0-8D11-00A0C91BC942}") = "Bai_120", "120\120.vcxproj", "{E2AE2C56-7708-4BB8-88B9-7643B2BEFC6F}"
EndProject
Project("{8BC9CEB8-8B4A-11D0-8D11-00A0C91BC942}") = "Bai_121", "121\121.vcxproj", "{25A35EEA-C8C0-4A8A-A38A-272A3088EB19}"
EndProject
Project("{8BC9CEB8-8B4A-11D0-8D11-00A0C91BC942}") = "Bai_122", "122\122.vcxproj", "{4F8C2175-AFE8-4BE3-AC61-33665CCDAF6D}"
EndProject
Project("{8BC9CEB8-8B4A-11D0-8D11-00A0C91BC942}") = "Bai_123", "123\123.vcxproj", "{3C9CD5CF-9062-4D34-84FB-77B038DDE6C2}"
EndProject
Project("{8BC9CEB8-8B4A-11D0-8D11-00A0C91BC942}") = "Bai_124", "124\124.vcxproj", "{0270D4D5-A713-4539-872F-82E22807E989}"
EndProject
Project("{8BC9CEB8-8B4A-11D0-8D11-00A0C91BC942}") = "Bai_125", "125\125.vcxproj", "{715BF710-7147-4AA6-AEC1-EB65409294F9}"
EndProject
Project("{8BC9CEB8-8B4A-11D0-8D11-00A0C91BC942}") = "Bai_126", "126\126.vcxproj", "{2B3A9619-8EDB-4073-9ED0-A2E06599B3D2}"
EndProject
Project("{8BC9CEB8-8B4A-11D0-8D11-00A0C91BC942}") = "Bai_127", "127\127.vcxproj", "{A85F8681-6000-4CDD-ADBC-C232B50E8650}"
EndProject
Project("{8BC9CEB8-8B4A-11D0-8D11-00A0C91BC942}") = "Bai_128", "128\128.vcxproj", "{4D4628CA-6F8E-4A4F-BD97-FE04540FD6EF}"
EndProject
Project("{8BC9CEB8-8B4A-11D0-8D11-00A0C91BC942}") = "Bai_129", "129\129.vcxproj", "{151EAC31-42F9-4656-B785-0FAAAEAAC6F2}"
EndProject
Project("{8BC9CEB8-8B4A-11D0-8D11-00A0C91BC942}") = "Bai_130", "130\130.vcxproj", "{6621BC8E-4832-49A7-AB3E-C604233EC8AF}"
EndProject
Project("{8BC9CEB8-8B4A-11D0-8D11-00A0C91BC942}") = "Bai_131", "131\131.vcxproj", "{9BD1336D-85BB-4F50-AF67-C8E04E7833EB}"
EndProject
Project("{8BC9CEB8-8B4A-11D0-8D11-00A0C91BC942}") = "Bai_132", "132\132.vcxproj", "{5174D645-D5F8-450F-BD4D-B7E58F9275E6}"
EndProject
Project("{8BC9CEB8-8B4A-11D0-8D11-00A0C91BC942}") = "Bai_133", "133\133.vcxproj", "{73497DC7-388B-461C-AD0D-CA341789C1A3}"
EndProject
Project("{8BC9CEB8-8B4A-11D0-8D11-00A0C91BC942}") = "Bai_134", "134\134.vcxproj", "{9AA2E4BA-6049-449D-9C33-76CE2B79A543}"
EndProject
Project("{8BC9CEB8-8B4A-11D0-8D11-00A0C91BC942}") = "Bai_135", "135\135.vcxproj", "{EC527FBC-6B1E-427D-884F-E222880F71F5}"
EndProject
Project("{8BC9CEB8-8B4A-11D0-8D11-00A0C91BC942}") = "Bai_136", "136\136.vcxproj", "{D93EE232-5668-42BF-BC96-674236F87656}"
EndProject
Project("{8BC9CEB8-8B4A-11D0-8D11-00A0C91BC942}") = "Bai_137", "137\137.vcxproj", "{1109848B-81EA-458A-86BF-25D0B1E3EDFE}"
EndProject
Project("{8BC9CEB8-8B4A-11D0-8D11-00A0C91BC942}") = "Bai_138", "138\138.vcxproj", "{F3247D8B-089A-4B3F-B3C4-36FCE5FBA07C}"
EndProject
Project("{8BC9CEB8-8B4A-11D0-8D11-00A0C91BC942}") = "Bai_139", "139\139.vcxproj", "{B7A14936-D031-4C84-9D18-F826CA81D33E}"
EndProject
Project("{8BC9CEB8-8B4A-11D0-8D11-00A0C91BC942}") = "Bai_140", "140\140.vcxproj", "{6C604BDC-8BA8-40D1-8280-80E641800FC8}"
EndProject
Project("{8BC9CEB8-8B4A-11D0-8D11-00A0C91BC942}") = "Bai_141", "141\141.vcxproj", "{EBE43BA4-91C5-4255-BD0F-32F5DA15A7DA}"
EndProject
Project("{8BC9CEB8-8B4A-11D0-8D11-00A0C91BC942}") = "Bai_142", "142\142.vcxproj", "{BD286731-6501-40F3-A206-FC484633C338}"
EndProject
Project("{8BC9CEB8-8B4A-11D0-8D11-00A0C91BC942}") = "Bai_143", "143\143.vcxproj", "{F4519517-E86B-42BE-95A7-08CAFC311F92}"
EndProject
Project("{8BC9CEB8-8B4A-11D0-8D11-00A0C91BC942}") = "Bai_144", "144\144.vcxproj", "{FD0F8612-3F5D-4487-B67C-E12BE4B1AD53}"
EndProject
Project("{8BC9CEB8-8B4A-11D0-8D11-00A0C91BC942}") = "Bai_145", "145\145.vcxproj", "{01EB5973-2394-4B3D-BAFB-B34043F9A839}"
EndProject
Project("{8BC9CEB8-8B4A-11D0-8D11-00A0C91BC942}") = "Bai_146", "146\146.vcxproj", "{5FF9067D-1ABC-417E-89CD-C5F70B027FAA}"
EndProject
Project("{8BC9CEB8-8B4A-11D0-8D11-00A0C91BC942}") = "Bai_147", "147\147.vcxproj", "{93F1ACFC-B56B-4F79-AE65-F283DAF2C351}"
EndProject
Project("{8BC9CEB8-8B4A-11D0-8D11-00A0C91BC942}") = "Bai_148", "148\148.vcxproj", "{4AE4A61C-227D-4B5C-B094-E55FD9CD3C98}"
EndProject
Project("{8BC9CEB8-8B4A-11D0-8D11-00A0C91BC942}") = "Bai_149", "149\149.vcxproj", "{6F77B72D-19AA-4DEC-9D0F-B8FAC4434B45}"
EndProject
Project("{8BC9CEB8-8B4A-11D0-8D11-00A0C91BC942}") = "Bai_150", "150\150.vcxproj", "{CE64308F-2E25-4EB6-84C4-88D5325189AC}"
EndProject
Project("{8BC9CEB8-8B4A-11D0-8D11-00A0C91BC942}") = "Bai_151", "151\151.vcxproj", "{44E49D38-6A70-43F6-A60C-8670C0D1BDE9}"
EndProject
Project("{8BC9CEB8-8B4A-11D0-8D11-00A0C91BC942}") = "Bai_152", "152\152.vcxproj", "{DE9BEBEB-96A0-496C-8EC9-0CD14FDE6F84}"
EndProject
Project("{8BC9CEB8-8B4A-11D0-8D11-00A0C91BC942}") = "Bai_153", "153\153.vcxproj", "{5CF9C436-7E64-48F7-A0CB-79E9A8B8CB7A}"
EndProject
Project("{8BC9CEB8-8B4A-11D0-8D11-00A0C91BC942}") = "Bai_033", "Bai_033\Bai_033.vcxproj", "{5592A2E7-75BE-464F-B502-CB19750FCA53}"
EndProject
Project("{8BC9CEB8-8B4A-11D0-8D11-00A0C91BC942}") = "Bai_034", "Bai_034\Bai_034.vcxproj", "{CBA08732-B7B9-4C60-BFCC-1D9877FA1118}"
EndProject
Project("{8BC9CEB8-8B4A-11D0-8D11-00A0C91BC942}") = "Bai_035", "Bai_035\Bai_035.vcxproj", "{F617CE6F-F285-4F09-9274-B2B01063736B}"
EndProject
Project("{8BC9CEB8-8B4A-11D0-8D11-00A0C91BC942}") = "Bai_036", "Bai_036\Bai_036.vcxproj", "{AF97D3CE-63F5-4252-B3BC-9245023FDFA3}"
EndProject
Project("{8BC9CEB8-8B4A-11D0-8D11-00A0C91BC942}") = "Bai_037", "Bai_037\Bai_037.vcxproj", "{70F161B2-743D-4B35-A5F2-85D5E5238786}"
EndProject
Project("{8BC9CEB8-8B4A-11D0-8D11-00A0C91BC942}") = "Bai_038", "Bai_038\Bai_038.vcxproj", "{DC471F94-3748-46D1-8388-299EEECA1596}"
EndProject
Project("{8BC9CEB8-8B4A-11D0-8D11-00A0C91BC942}") = "Bai_040", "Bai_040\Bai_040.vcxproj", "{4EDF2C1F-2791-4B27-966B-E9AEEFF39FEF}"
EndProject
Global
	GlobalSection(SolutionConfigurationPlatforms) = preSolution
		Debug|x64 = Debug|x64
		Debug|x86 = Debug|x86
		Release|x64 = Release|x64
		Release|x86 = Release|x86
	EndGlobalSection
	GlobalSection(ProjectConfigurationPlatforms) = postSolution
		{3CB2CB13-E0F0-40F7-92A7-7B093B486F63}.Debug|x64.ActiveCfg = Debug|x64
		{3CB2CB13-E0F0-40F7-92A7-7B093B486F63}.Debug|x64.Build.0 = Debug|x64
		{3CB2CB13-E0F0-40F7-92A7-7B093B486F63}.Debug|x86.ActiveCfg = Debug|Win32
		{3CB2CB13-E0F0-40F7-92A7-7B093B486F63}.Debug|x86.Build.0 = Debug|Win32
		{3CB2CB13-E0F0-40F7-92A7-7B093B486F63}.Release|x64.ActiveCfg = Release|x64
		{3CB2CB13-E0F0-40F7-92A7-7B093B486F63}.Release|x64.Build.0 = Release|x64
		{3CB2CB13-E0F0-40F7-92A7-7B093B486F63}.Release|x86.ActiveCfg = Release|Win32
		{3CB2CB13-E0F0-40F7-92A7-7B093B486F63}.Release|x86.Build.0 = Release|Win32
		{D26BB5E3-C1B0-45BA-83E7-3F5DBEA99AFE}.Debug|x64.ActiveCfg = Debug|x64
		{D26BB5E3-C1B0-45BA-83E7-3F5DBEA99AFE}.Debug|x64.Build.0 = Debug|x64
		{D26BB5E3-C1B0-45BA-83E7-3F5DBEA99AFE}.Debug|x86.ActiveCfg = Debug|Win32
		{D26BB5E3-C1B0-45BA-83E7-3F5DBEA99AFE}.Debug|x86.Build.0 = Debug|Win32
		{D26BB5E3-C1B0-45BA-83E7-3F5DBEA99AFE}.Release|x64.ActiveCfg = Release|x64
		{D26BB5E3-C1B0-45BA-83E7-3F5DBEA99AFE}.Release|x64.Build.0 = Release|x64
		{D26BB5E3-C1B0-45BA-83E7-3F5DBEA99AFE}.Release|x86.ActiveCfg = Release|Win32
		{D26BB5E3-C1B0-45BA-83E7-3F5DBEA99AFE}.Release|x86.Build.0 = Release|Win32
		{572A851C-72DB-4830-A457-E347925AFB2F}.Debug|x64.ActiveCfg = Debug|x64
		{572A851C-72DB-4830-A457-E347925AFB2F}.Debug|x64.Build.0 = Debug|x64
		{572A851C-72DB-4830-A457-E347925AFB2F}.Debug|x86.ActiveCfg = Debug|Win32
		{572A851C-72DB-4830-A457-E347925AFB2F}.Debug|x86.Build.0 = Debug|Win32
		{572A851C-72DB-4830-A457-E347925AFB2F}.Release|x64.ActiveCfg = Release|x64
		{572A851C-72DB-4830-A457-E347925AFB2F}.Release|x64.Build.0 = Release|x64
		{572A851C-72DB-4830-A457-E347925AFB2F}.Release|x86.ActiveCfg = Release|Win32
		{572A851C-72DB-4830-A457-E347925AFB2F}.Release|x86.Build.0 = Release|Win32
		{008AC33E-6BCE-4D10-BCF5-E0CBCFBAFC6A}.Debug|x64.ActiveCfg = Debug|x64
		{008AC33E-6BCE-4D10-BCF5-E0CBCFBAFC6A}.Debug|x64.Build.0 = Debug|x64
		{008AC33E-6BCE-4D10-BCF5-E0CBCFBAFC6A}.Debug|x86.ActiveCfg = Debug|Win32
		{008AC33E-6BCE-4D10-BCF5-E0CBCFBAFC6A}.Debug|x86.Build.0 = Debug|Win32
		{008AC33E-6BCE-4D10-BCF5-E0CBCFBAFC6A}.Release|x64.ActiveCfg = Release|x64
		{008AC33E-6BCE-4D10-BCF5-E0CBCFBAFC6A}.Release|x64.Build.0 = Release|x64
		{008AC33E-6BCE-4D10-BCF5-E0CBCFBAFC6A}.Release|x86.ActiveCfg = Release|Win32
		{008AC33E-6BCE-4D10-BCF5-E0CBCFBAFC6A}.Release|x86.Build.0 = Release|Win32
		{4D5A0499-6748-49EF-AA53-DBF0DD125633}.Debug|x64.ActiveCfg = Debug|x64
		{4D5A0499-6748-49EF-AA53-DBF0DD125633}.Debug|x64.Build.0 = Debug|x64
		{4D5A0499-6748-49EF-AA53-DBF0DD125633}.Debug|x86.ActiveCfg = Debug|Win32
		{4D5A0499-6748-49EF-AA53-DBF0DD125633}.Debug|x86.Build.0 = Debug|Win32
		{4D5A0499-6748-49EF-AA53-DBF0DD125633}.Release|x64.ActiveCfg = Release|x64
		{4D5A0499-6748-49EF-AA53-DBF0DD125633}.Release|x64.Build.0 = Release|x64
		{4D5A0499-6748-49EF-AA53-DBF0DD125633}.Release|x86.ActiveCfg = Release|Win32
		{4D5A0499-6748-49EF-AA53-DBF0DD125633}.Release|x86.Build.0 = Release|Win32
		{AFF82641-E355-457B-8FE9-5A3A663222DF}.Debug|x64.ActiveCfg = Debug|x64
		{AFF82641-E355-457B-8FE9-5A3A663222DF}.Debug|x64.Build.0 = Debug|x64
		{AFF82641-E355-457B-8FE9-5A3A663222DF}.Debug|x86.ActiveCfg = Debug|Win32
		{AFF82641-E355-457B-8FE9-5A3A663222DF}.Debug|x86.Build.0 = Debug|Win32
		{AFF82641-E355-457B-8FE9-5A3A663222DF}.Release|x64.ActiveCfg = Release|x64
		{AFF82641-E355-457B-8FE9-5A3A663222DF}.Release|x64.Build.0 = Release|x64
		{AFF82641-E355-457B-8FE9-5A3A663222DF}.Release|x86.ActiveCfg = Release|Win32
		{AFF82641-E355-457B-8FE9-5A3A663222DF}.Release|x86.Build.0 = Release|Win32
		{FFFE7F36-0D64-4A82-9F40-A3E942D1FEE0}.Debug|x64.ActiveCfg = Debug|x64
		{FFFE7F36-0D64-4A82-9F40-A3E942D1FEE0}.Debug|x64.Build.0 = Debug|x64
		{FFFE7F36-0D64-4A82-9F40-A3E942D1FEE0}.Debug|x86.ActiveCfg = Debug|Win32
		{FFFE7F36-0D64-4A82-9F40-A3E942D1FEE0}.Debug|x86.Build.0 = Debug|Win32
		{FFFE7F36-0D64-4A82-9F40-A3E942D1FEE0}.Release|x64.ActiveCfg = Release|x64
		{FFFE7F36-0D64-4A82-9F40-A3E942D1FEE0}.Release|x64.Build.0 = Release|x64
		{FFFE7F36-0D64-4A82-9F40-A3E942D1FEE0}.Release|x86.ActiveCfg = Release|Win32
		{FFFE7F36-0D64-4A82-9F40-A3E942D1FEE0}.Release|x86.Build.0 = Release|Win32
		{A534D384-7843-41D9-B11D-52CD881BCFD6}.Debug|x64.ActiveCfg = Debug|x64
		{A534D384-7843-41D9-B11D-52CD881BCFD6}.Debug|x64.Build.0 = Debug|x64
		{A534D384-7843-41D9-B11D-52CD881BCFD6}.Debug|x86.ActiveCfg = Debug|Win32
		{A534D384-7843-41D9-B11D-52CD881BCFD6}.Debug|x86.Build.0 = Debug|Win32
		{A534D384-7843-41D9-B11D-52CD881BCFD6}.Release|x64.ActiveCfg = Release|x64
		{A534D384-7843-41D9-B11D-52CD881BCFD6}.Release|x64.Build.0 = Release|x64
		{A534D384-7843-41D9-B11D-52CD881BCFD6}.Release|x86.ActiveCfg = Release|Win32
		{A534D384-7843-41D9-B11D-52CD881BCFD6}.Release|x86.Build.0 = Release|Win32
		{E99F4674-A4D7-4C00-A312-22460DCD10D0}.Debug|x64.ActiveCfg = Debug|x64
		{E99F4674-A4D7-4C00-A312-22460DCD10D0}.Debug|x64.Build.0 = Debug|x64
		{E99F4674-A4D7-4C00-A312-22460DCD10D0}.Debug|x86.ActiveCfg = Debug|Win32
		{E99F4674-A4D7-4C00-A312-22460DCD10D0}.Debug|x86.Build.0 = Debug|Win32
		{E99F4674-A4D7-4C00-A312-22460DCD10D0}.Release|x64.ActiveCfg = Release|x64
		{E99F4674-A4D7-4C00-A312-22460DCD10D0}.Release|x64.Build.0 = Release|x64
		{E99F4674-A4D7-4C00-A312-22460DCD10D0}.Release|x86.ActiveCfg = Release|Win32
		{E99F4674-A4D7-4C00-A312-22460DCD10D0}.Release|x86.Build.0 = Release|Win32
		{45E45263-0EC0-4CF4-A51A-DE8FF204C5DE}.Debug|x64.ActiveCfg = Debug|x64
		{45E45263-0EC0-4CF4-A51A-DE8FF204C5DE}.Debug|x64.Build.0 = Debug|x64
		{45E45263-0EC0-4CF4-A51A-DE8FF204C5DE}.Debug|x86.ActiveCfg = Debug|Win32
		{45E45263-0EC0-4CF4-A51A-DE8FF204C5DE}.Debug|x86.Build.0 = Debug|Win32
		{45E45263-0EC0-4CF4-A51A-DE8FF204C5DE}.Release|x64.ActiveCfg = Release|x64
		{45E45263-0EC0-4CF4-A51A-DE8FF204C5DE}.Release|x64.Build.0 = Release|x64
		{45E45263-0EC0-4CF4-A51A-DE8FF204C5DE}.Release|x86.ActiveCfg = Release|Win32
		{45E45263-0EC0-4CF4-A51A-DE8FF204C5DE}.Release|x86.Build.0 = Release|Win32
		{008ED153-B957-4219-9F3F-A31F123E592C}.Debug|x64.ActiveCfg = Debug|x64
		{008ED153-B957-4219-9F3F-A31F123E592C}.Debug|x64.Build.0 = Debug|x64
		{008ED153-B957-4219-9F3F-A31F123E592C}.Debug|x86.ActiveCfg = Debug|Win32
		{008ED153-B957-4219-9F3F-A31F123E592C}.Debug|x86.Build.0 = Debug|Win32
		{008ED153-B957-4219-9F3F-A31F123E592C}.Release|x64.ActiveCfg = Release|x64
		{008ED153-B957-4219-9F3F-A31F123E592C}.Release|x64.Build.0 = Release|x64
		{008ED153-B957-4219-9F3F-A31F123E592C}.Release|x86.ActiveCfg = Release|Win32
		{008ED153-B957-4219-9F3F-A31F123E592C}.Release|x86.Build.0 = Release|Win32
		{915B579C-40BE-4B1B-A917-4727D3FE11B9}.Debug|x64.ActiveCfg = Debug|x64
		{915B579C-40BE-4B1B-A917-4727D3FE11B9}.Debug|x64.Build.0 = Debug|x64
		{915B579C-40BE-4B1B-A917-4727D3FE11B9}.Debug|x86.ActiveCfg = Debug|Win32
		{915B579C-40BE-4B1B-A917-4727D3FE11B9}.Debug|x86.Build.0 = Debug|Win32
		{915B579C-40BE-4B1B-A917-4727D3FE11B9}.Release|x64.ActiveCfg = Release|x64
		{915B579C-40BE-4B1B-A917-4727D3FE11B9}.Release|x64.Build.0 = Release|x64
		{915B579C-40BE-4B1B-A917-4727D3FE11B9}.Release|x86.ActiveCfg = Release|Win32
		{915B579C-40BE-4B1B-A917-4727D3FE11B9}.Release|x86.Build.0 = Release|Win32
		{33FD0033-4954-4F6D-8011-A335C84256DB}.Debug|x64.ActiveCfg = Debug|x64
		{33FD0033-4954-4F6D-8011-A335C84256DB}.Debug|x64.Build.0 = Debug|x64
		{33FD0033-4954-4F6D-8011-A335C84256DB}.Debug|x86.ActiveCfg = Debug|Win32
		{33FD0033-4954-4F6D-8011-A335C84256DB}.Debug|x86.Build.0 = Debug|Win32
		{33FD0033-4954-4F6D-8011-A335C84256DB}.Release|x64.ActiveCfg = Release|x64
		{33FD0033-4954-4F6D-8011-A335C84256DB}.Release|x64.Build.0 = Release|x64
		{33FD0033-4954-4F6D-8011-A335C84256DB}.Release|x86.ActiveCfg = Release|Win32
		{33FD0033-4954-4F6D-8011-A335C84256DB}.Release|x86.Build.0 = Release|Win32
		{D9B56757-388B-43BE-B171-0CDA43FCD2AD}.Debug|x64.ActiveCfg = Debug|x64
		{D9B56757-388B-43BE-B171-0CDA43FCD2AD}.Debug|x64.Build.0 = Debug|x64
		{D9B56757-388B-43BE-B171-0CDA43FCD2AD}.Debug|x86.ActiveCfg = Debug|Win32
		{D9B56757-388B-43BE-B171-0CDA43FCD2AD}.Debug|x86.Build.0 = Debug|Win32
		{D9B56757-388B-43BE-B171-0CDA43FCD2AD}.Release|x64.ActiveCfg = Release|x64
		{D9B56757-388B-43BE-B171-0CDA43FCD2AD}.Release|x64.Build.0 = Release|x64
		{D9B56757-388B-43BE-B171-0CDA43FCD2AD}.Release|x86.ActiveCfg = Release|Win32
		{D9B56757-388B-43BE-B171-0CDA43FCD2AD}.Release|x86.Build.0 = Release|Win32
		{D3D34E79-3446-4C88-AEFC-B015BB674B99}.Debug|x64.ActiveCfg = Debug|x64
		{D3D34E79-3446-4C88-AEFC-B015BB674B99}.Debug|x64.Build.0 = Debug|x64
		{D3D34E79-3446-4C88-AEFC-B015BB674B99}.Debug|x86.ActiveCfg = Debug|Win32
		{D3D34E79-3446-4C88-AEFC-B015BB674B99}.Debug|x86.Build.0 = Debug|Win32
		{D3D34E79-3446-4C88-AEFC-B015BB674B99}.Release|x64.ActiveCfg = Release|x64
		{D3D34E79-3446-4C88-AEFC-B015BB674B99}.Release|x64.Build.0 = Release|x64
		{D3D34E79-3446-4C88-AEFC-B015BB674B99}.Release|x86.ActiveCfg = Release|Win32
		{D3D34E79-3446-4C88-AEFC-B015BB674B99}.Release|x86.Build.0 = Release|Win32
		{61A0FAC9-0C01-45BA-B712-4CD1F5E37C99}.Debug|x64.ActiveCfg = Debug|x64
		{61A0FAC9-0C01-45BA-B712-4CD1F5E37C99}.Debug|x64.Build.0 = Debug|x64
		{61A0FAC9-0C01-45BA-B712-4CD1F5E37C99}.Debug|x86.ActiveCfg = Debug|Win32
		{61A0FAC9-0C01-45BA-B712-4CD1F5E37C99}.Debug|x86.Build.0 = Debug|Win32
		{61A0FAC9-0C01-45BA-B712-4CD1F5E37C99}.Release|x64.ActiveCfg = Release|x64
		{61A0FAC9-0C01-45BA-B712-4CD1F5E37C99}.Release|x64.Build.0 = Release|x64
		{61A0FAC9-0C01-45BA-B712-4CD1F5E37C99}.Release|x86.ActiveCfg = Release|Win32
		{61A0FAC9-0C01-45BA-B712-4CD1F5E37C99}.Release|x86.Build.0 = Release|Win32
		{AF5BF7F9-9B05-49AD-8B89-A70A80F8B32C}.Debug|x64.ActiveCfg = Debug|x64
		{AF5BF7F9-9B05-49AD-8B89-A70A80F8B32C}.Debug|x64.Build.0 = Debug|x64
		{AF5BF7F9-9B05-49AD-8B89-A70A80F8B32C}.Debug|x86.ActiveCfg = Debug|Win32
		{AF5BF7F9-9B05-49AD-8B89-A70A80F8B32C}.Debug|x86.Build.0 = Debug|Win32
		{AF5BF7F9-9B05-49AD-8B89-A70A80F8B32C}.Release|x64.ActiveCfg = Release|x64
		{AF5BF7F9-9B05-49AD-8B89-A70A80F8B32C}.Release|x64.Build.0 = Release|x64
		{AF5BF7F9-9B05-49AD-8B89-A70A80F8B32C}.Release|x86.ActiveCfg = Release|Win32
		{AF5BF7F9-9B05-49AD-8B89-A70A80F8B32C}.Release|x86.Build.0 = Release|Win32
		{37E495BC-9F15-4E39-8E6A-6827B922FA4D}.Debug|x64.ActiveCfg = Debug|x64
		{37E495BC-9F15-4E39-8E6A-6827B922FA4D}.Debug|x64.Build.0 = Debug|x64
		{37E495BC-9F15-4E39-8E6A-6827B922FA4D}.Debug|x86.ActiveCfg = Debug|Win32
		{37E495BC-9F15-4E39-8E6A-6827B922FA4D}.Debug|x86.Build.0 = Debug|Win32
		{37E495BC-9F15-4E39-8E6A-6827B922FA4D}.Release|x64.ActiveCfg = Release|x64
		{37E495BC-9F15-4E39-8E6A-6827B922FA4D}.Release|x64.Build.0 = Release|x64
		{37E495BC-9F15-4E39-8E6A-6827B922FA4D}.Release|x86.ActiveCfg = Release|Win32
		{37E495BC-9F15-4E39-8E6A-6827B922FA4D}.Release|x86.Build.0 = Release|Win32
		{773A1141-FE27-4FF4-91DC-8B63FD06E2F3}.Debug|x64.ActiveCfg = Debug|x64
		{773A1141-FE27-4FF4-91DC-8B63FD06E2F3}.Debug|x64.Build.0 = Debug|x64
		{773A1141-FE27-4FF4-91DC-8B63FD06E2F3}.Debug|x86.ActiveCfg = Debug|Win32
		{773A1141-FE27-4FF4-91DC-8B63FD06E2F3}.Debug|x86.Build.0 = Debug|Win32
		{773A1141-FE27-4FF4-91DC-8B63FD06E2F3}.Release|x64.ActiveCfg = Release|x64
		{773A1141-FE27-4FF4-91DC-8B63FD06E2F3}.Release|x64.Build.0 = Release|x64
		{773A1141-FE27-4FF4-91DC-8B63FD06E2F3}.Release|x86.ActiveCfg = Release|Win32
		{773A1141-FE27-4FF4-91DC-8B63FD06E2F3}.Release|x86.Build.0 = Release|Win32
		{12A4B2CA-6C25-470E-A9A5-A92D4F245BB3}.Debug|x64.ActiveCfg = Debug|x64
		{12A4B2CA-6C25-470E-A9A5-A92D4F245BB3}.Debug|x64.Build.0 = Debug|x64
		{12A4B2CA-6C25-470E-A9A5-A92D4F245BB3}.Debug|x86.ActiveCfg = Debug|Win32
		{12A4B2CA-6C25-470E-A9A5-A92D4F245BB3}.Debug|x86.Build.0 = Debug|Win32
		{12A4B2CA-6C25-470E-A9A5-A92D4F245BB3}.Release|x64.ActiveCfg = Release|x64
		{12A4B2CA-6C25-470E-A9A5-A92D4F245BB3}.Release|x64.Build.0 = Release|x64
		{12A4B2CA-6C25-470E-A9A5-A92D4F245BB3}.Release|x86.ActiveCfg = Release|Win32
		{12A4B2CA-6C25-470E-A9A5-A92D4F245BB3}.Release|x86.Build.0 = Release|Win32
		{068A985F-764F-4714-A113-B23EADAA7198}.Debug|x64.ActiveCfg = Debug|x64
		{068A985F-764F-4714-A113-B23EADAA7198}.Debug|x64.Build.0 = Debug|x64
		{068A985F-764F-4714-A113-B23EADAA7198}.Debug|x86.ActiveCfg = Debug|Win32
		{068A985F-764F-4714-A113-B23EADAA7198}.Debug|x86.Build.0 = Debug|Win32
		{068A985F-764F-4714-A113-B23EADAA7198}.Release|x64.ActiveCfg = Release|x64
		{068A985F-764F-4714-A113-B23EADAA7198}.Release|x64.Build.0 = Release|x64
		{068A985F-764F-4714-A113-B23EADAA7198}.Release|x86.ActiveCfg = Release|Win32
		{068A985F-764F-4714-A113-B23EADAA7198}.Release|x86.Build.0 = Release|Win32
		{F4E7E210-1F2D-4734-9D14-223AA8F7FD01}.Debug|x64.ActiveCfg = Debug|x64
		{F4E7E210-1F2D-4734-9D14-223AA8F7FD01}.Debug|x64.Build.0 = Debug|x64
		{F4E7E210-1F2D-4734-9D14-223AA8F7FD01}.Debug|x86.ActiveCfg = Debug|Win32
		{F4E7E210-1F2D-4734-9D14-223AA8F7FD01}.Debug|x86.Build.0 = Debug|Win32
		{F4E7E210-1F2D-4734-9D14-223AA8F7FD01}.Release|x64.ActiveCfg = Release|x64
		{F4E7E210-1F2D-4734-9D14-223AA8F7FD01}.Release|x64.Build.0 = Release|x64
		{F4E7E210-1F2D-4734-9D14-223AA8F7FD01}.Release|x86.ActiveCfg = Release|Win32
		{F4E7E210-1F2D-4734-9D14-223AA8F7FD01}.Release|x86.Build.0 = Release|Win32
		{B9EBB947-F264-4974-AA6F-784C10764D21}.Debug|x64.ActiveCfg = Debug|x64
		{B9EBB947-F264-4974-AA6F-784C10764D21}.Debug|x64.Build.0 = Debug|x64
		{B9EBB947-F264-4974-AA6F-784C10764D21}.Debug|x86.ActiveCfg = Debug|Win32
		{B9EBB947-F264-4974-AA6F-784C10764D21}.Debug|x86.Build.0 = Debug|Win32
		{B9EBB947-F264-4974-AA6F-784C10764D21}.Release|x64.ActiveCfg = Release|x64
		{B9EBB947-F264-4974-AA6F-784C10764D21}.Release|x64.Build.0 = Release|x64
		{B9EBB947-F264-4974-AA6F-784C10764D21}.Release|x86.ActiveCfg = Release|Win32
		{B9EBB947-F264-4974-AA6F-784C10764D21}.Release|x86.Build.0 = Release|Win32
		{BCA8DCB9-C300-41F8-A2BF-051F0E68880D}.Debug|x64.ActiveCfg = Debug|x64
		{BCA8DCB9-C300-41F8-A2BF-051F0E68880D}.Debug|x64.Build.0 = Debug|x64
		{BCA8DCB9-C300-41F8-A2BF-051F0E68880D}.Debug|x86.ActiveCfg = Debug|Win32
		{BCA8DCB9-C300-41F8-A2BF-051F0E68880D}.Debug|x86.Build.0 = Debug|Win32
		{BCA8DCB9-C300-41F8-A2BF-051F0E68880D}.Release|x64.ActiveCfg = Release|x64
		{BCA8DCB9-C300-41F8-A2BF-051F0E68880D}.Release|x64.Build.0 = Release|x64
		{BCA8DCB9-C300-41F8-A2BF-051F0E68880D}.Release|x86.ActiveCfg = Release|Win32
		{BCA8DCB9-C300-41F8-A2BF-051F0E68880D}.Release|x86.Build.0 = Release|Win32
		{C1FDEB4D-9D54-4FB8-8501-697C8A7F8C46}.Debug|x64.ActiveCfg = Debug|x64
		{C1FDEB4D-9D54-4FB8-8501-697C8A7F8C46}.Debug|x64.Build.0 = Debug|x64
		{C1FDEB4D-9D54-4FB8-8501-697C8A7F8C46}.Debug|x86.ActiveCfg = Debug|Win32
		{C1FDEB4D-9D54-4FB8-8501-697C8A7F8C46}.Debug|x86.Build.0 = Debug|Win32
		{C1FDEB4D-9D54-4FB8-8501-697C8A7F8C46}.Release|x64.ActiveCfg = Release|x64
		{C1FDEB4D-9D54-4FB8-8501-697C8A7F8C46}.Release|x64.Build.0 = Release|x64
		{C1FDEB4D-9D54-4FB8-8501-697C8A7F8C46}.Release|x86.ActiveCfg = Release|Win32
		{C1FDEB4D-9D54-4FB8-8501-697C8A7F8C46}.Release|x86.Build.0 = Release|Win32
		{178A0F1F-BBBD-49BF-A11A-9D89B6940AA6}.Debug|x64.ActiveCfg = Debug|x64
		{178A0F1F-BBBD-49BF-A11A-9D89B6940AA6}.Debug|x64.Build.0 = Debug|x64
		{178A0F1F-BBBD-49BF-A11A-9D89B6940AA6}.Debug|x86.ActiveCfg = Debug|Win32
		{178A0F1F-BBBD-49BF-A11A-9D89B6940AA6}.Debug|x86.Build.0 = Debug|Win32
		{178A0F1F-BBBD-49BF-A11A-9D89B6940AA6}.Release|x64.ActiveCfg = Release|x64
		{178A0F1F-BBBD-49BF-A11A-9D89B6940AA6}.Release|x64.Build.0 = Release|x64
		{178A0F1F-BBBD-49BF-A11A-9D89B6940AA6}.Release|x86.ActiveCfg = Release|Win32
		{178A0F1F-BBBD-49BF-A11A-9D89B6940AA6}.Release|x86.Build.0 = Release|Win32
		{5AEAFD34-AD74-4F95-AE96-54D041ECACDE}.Debug|x64.ActiveCfg = Debug|x64
		{5AEAFD34-AD74-4F95-AE96-54D041ECACDE}.Debug|x64.Build.0 = Debug|x64
		{5AEAFD34-AD74-4F95-AE96-54D041ECACDE}.Debug|x86.ActiveCfg = Debug|Win32
		{5AEAFD34-AD74-4F95-AE96-54D041ECACDE}.Debug|x86.Build.0 = Debug|Win32
		{5AEAFD34-AD74-4F95-AE96-54D041ECACDE}.Release|x64.ActiveCfg = Release|x64
		{5AEAFD34-AD74-4F95-AE96-54D041ECACDE}.Release|x64.Build.0 = Release|x64
		{5AEAFD34-AD74-4F95-AE96-54D041ECACDE}.Release|x86.ActiveCfg = Release|Win32
		{5AEAFD34-AD74-4F95-AE96-54D041ECACDE}.Release|x86.Build.0 = Release|Win32
		{B4B2AD9D-B19C-43A4-8132-4D88F3DEBE0E}.Debug|x64.ActiveCfg = Debug|x64
		{B4B2AD9D-B19C-43A4-8132-4D88F3DEBE0E}.Debug|x64.Build.0 = Debug|x64
		{B4B2AD9D-B19C-43A4-8132-4D88F3DEBE0E}.Debug|x86.ActiveCfg = Debug|Win32
		{B4B2AD9D-B19C-43A4-8132-4D88F3DEBE0E}.Debug|x86.Build.0 = Debug|Win32
		{B4B2AD9D-B19C-43A4-8132-4D88F3DEBE0E}.Release|x64.ActiveCfg = Release|x64
		{B4B2AD9D-B19C-43A4-8132-4D88F3DEBE0E}.Release|x64.Build.0 = Release|x64
		{B4B2AD9D-B19C-43A4-8132-4D88F3DEBE0E}.Release|x86.ActiveCfg = Release|Win32
		{B4B2AD9D-B19C-43A4-8132-4D88F3DEBE0E}.Release|x86.Build.0 = Release|Win32
		{858072E3-CB42-4319-B131-986A11251342}.Debug|x64.ActiveCfg = Debug|x64
		{858072E3-CB42-4319-B131-986A11251342}.Debug|x64.Build.0 = Debug|x64
		{858072E3-CB42-4319-B131-986A11251342}.Debug|x86.ActiveCfg = Debug|Win32
		{858072E3-CB42-4319-B131-986A11251342}.Debug|x86.Build.0 = Debug|Win32
		{858072E3-CB42-4319-B131-986A11251342}.Release|x64.ActiveCfg = Release|x64
		{858072E3-CB42-4319-B131-986A11251342}.Release|x64.Build.0 = Release|x64
		{858072E3-CB42-4319-B131-986A11251342}.Release|x86.ActiveCfg = Release|Win32
		{858072E3-CB42-4319-B131-986A11251342}.Release|x86.Build.0 = Release|Win32
		{9777FC28-0545-4854-BE02-57F254840D17}.Debug|x64.ActiveCfg = Debug|x64
		{9777FC28-0545-4854-BE02-57F254840D17}.Debug|x64.Build.0 = Debug|x64
		{9777FC28-0545-4854-BE02-57F254840D17}.Debug|x86.ActiveCfg = Debug|Win32
		{9777FC28-0545-4854-BE02-57F254840D17}.Debug|x86.Build.0 = Debug|Win32
		{9777FC28-0545-4854-BE02-57F254840D17}.Release|x64.ActiveCfg = Release|x64
		{9777FC28-0545-4854-BE02-57F254840D17}.Release|x64.Build.0 = Release|x64
		{9777FC28-0545-4854-BE02-57F254840D17}.Release|x86.ActiveCfg = Release|Win32
		{9777FC28-0545-4854-BE02-57F254840D17}.Release|x86.Build.0 = Release|Win32
		{3E9DE751-BA4E-40B5-92D2-A181D06A1AD9}.Debug|x64.ActiveCfg = Debug|x64
		{3E9DE751-BA4E-40B5-92D2-A181D06A1AD9}.Debug|x64.Build.0 = Debug|x64
		{3E9DE751-BA4E-40B5-92D2-A181D06A1AD9}.Debug|x86.ActiveCfg = Debug|Win32
		{3E9DE751-BA4E-40B5-92D2-A181D06A1AD9}.Debug|x86.Build.0 = Debug|Win32
		{3E9DE751-BA4E-40B5-92D2-A181D06A1AD9}.Release|x64.ActiveCfg = Release|x64
		{3E9DE751-BA4E-40B5-92D2-A181D06A1AD9}.Release|x64.Build.0 = Release|x64
		{3E9DE751-BA4E-40B5-92D2-A181D06A1AD9}.Release|x86.ActiveCfg = Release|Win32
		{3E9DE751-BA4E-40B5-92D2-A181D06A1AD9}.Release|x86.Build.0 = Release|Win32
		{EE5ACCAE-BBF9-4B06-9E9F-9AE13FCA3F18}.Debug|x64.ActiveCfg = Debug|x64
		{EE5ACCAE-BBF9-4B06-9E9F-9AE13FCA3F18}.Debug|x64.Build.0 = Debug|x64
		{EE5ACCAE-BBF9-4B06-9E9F-9AE13FCA3F18}.Debug|x86.ActiveCfg = Debug|Win32
		{EE5ACCAE-BBF9-4B06-9E9F-9AE13FCA3F18}.Debug|x86.Build.0 = Debug|Win32
		{EE5ACCAE-BBF9-4B06-9E9F-9AE13FCA3F18}.Release|x64.ActiveCfg = Release|x64
		{EE5ACCAE-BBF9-4B06-9E9F-9AE13FCA3F18}.Release|x64.Build.0 = Release|x64
		{EE5ACCAE-BBF9-4B06-9E9F-9AE13FCA3F18}.Release|x86.ActiveCfg = Release|Win32
		{EE5ACCAE-BBF9-4B06-9E9F-9AE13FCA3F18}.Release|x86.Build.0 = Release|Win32
		{E2AE2C56-7708-4BB8-88B9-7643B2BEFC6F}.Debug|x64.ActiveCfg = Debug|x64
		{E2AE2C56-7708-4BB8-88B9-7643B2BEFC6F}.Debug|x64.Build.0 = Debug|x64
		{E2AE2C56-7708-4BB8-88B9-7643B2BEFC6F}.Debug|x86.ActiveCfg = Debug|Win32
		{E2AE2C56-7708-4BB8-88B9-7643B2BEFC6F}.Debug|x86.Build.0 = Debug|Win32
		{E2AE2C56-7708-4BB8-88B9-7643B2BEFC6F}.Release|x64.ActiveCfg = Release|x64
		{E2AE2C56-7708-4BB8-88B9-7643B2BEFC6F}.Release|x64.Build.0 = Release|x64
		{E2AE2C56-7708-4BB8-88B9-7643B2BEFC6F}.Release|x86.ActiveCfg = Release|Win32
		{E2AE2C56-7708-4BB8-88B9-7643B2BEFC6F}.Release|x86.Build.0 = Release|Win32
		{25A35EEA-C8C0-4A8A-A38A-272A3088EB19}.Debug|x64.ActiveCfg = Debug|x64
		{25A35EEA-C8C0-4A8A-A38A-272A3088EB19}.Debug|x64.Build.0 = Debug|x64
		{25A35EEA-C8C0-4A8A-A38A-272A3088EB19}.Debug|x86.ActiveCfg = Debug|Win32
		{25A35EEA-C8C0-4A8A-A38A-272A3088EB19}.Debug|x86.Build.0 = Debug|Win32
		{25A35EEA-C8C0-4A8A-A38A-272A3088EB19}.Release|x64.ActiveCfg = Release|x64
		{25A35EEA-C8C0-4A8A-A38A-272A3088EB19}.Release|x64.Build.0 = Release|x64
		{25A35EEA-C8C0-4A8A-A38A-272A3088EB19}.Release|x86.ActiveCfg = Release|Win32
		{25A35EEA-C8C0-4A8A-A38A-272A3088EB19}.Release|x86.Build.0 = Release|Win32
		{4F8C2175-AFE8-4BE3-AC61-33665CCDAF6D}.Debug|x64.ActiveCfg = Debug|x64
		{4F8C2175-AFE8-4BE3-AC61-33665CCDAF6D}.Debug|x64.Build.0 = Debug|x64
		{4F8C2175-AFE8-4BE3-AC61-33665CCDAF6D}.Debug|x86.ActiveCfg = Debug|Win32
		{4F8C2175-AFE8-4BE3-AC61-33665CCDAF6D}.Debug|x86.Build.0 = Debug|Win32
		{4F8C2175-AFE8-4BE3-AC61-33665CCDAF6D}.Release|x64.ActiveCfg = Release|x64
		{4F8C2175-AFE8-4BE3-AC61-33665CCDAF6D}.Release|x64.Build.0 = Release|x64
		{4F8C2175-AFE8-4BE3-AC61-33665CCDAF6D}.Release|x86.ActiveCfg = Release|Win32
		{4F8C2175-AFE8-4BE3-AC61-33665CCDAF6D}.Release|x86.Build.0 = Release|Win32
		{3C9CD5CF-9062-4D34-84FB-77B038DDE6C2}.Debug|x64.ActiveCfg = Debug|x64
		{3C9CD5CF-9062-4D34-84FB-77B038DDE6C2}.Debug|x64.Build.0 = Debug|x64
		{3C9CD5CF-9062-4D34-84FB-77B038DDE6C2}.Debug|x86.ActiveCfg = Debug|Win32
		{3C9CD5CF-9062-4D34-84FB-77B038DDE6C2}.Debug|x86.Build.0 = Debug|Win32
		{3C9CD5CF-9062-4D34-84FB-77B038DDE6C2}.Release|x64.ActiveCfg = Release|x64
		{3C9CD5CF-9062-4D34-84FB-77B038DDE6C2}.Release|x64.Build.0 = Release|x64
		{3C9CD5CF-9062-4D34-84FB-77B038DDE6C2}.Release|x86.ActiveCfg = Release|Win32
		{3C9CD5CF-9062-4D34-84FB-77B038DDE6C2}.Release|x86.Build.0 = Release|Win32
		{0270D4D5-A713-4539-872F-82E22807E989}.Debug|x64.ActiveCfg = Debug|x64
		{0270D4D5-A713-4539-872F-82E22807E989}.Debug|x64.Build.0 = Debug|x64
		{0270D4D5-A713-4539-872F-82E22807E989}.Debug|x86.ActiveCfg = Debug|Win32
		{0270D4D5-A713-4539-872F-82E22807E989}.Debug|x86.Build.0 = Debug|Win32
		{0270D4D5-A713-4539-872F-82E22807E989}.Release|x64.ActiveCfg = Release|x64
		{0270D4D5-A713-4539-872F-82E22807E989}.Release|x64.Build.0 = Release|x64
		{0270D4D5-A713-4539-872F-82E22807E989}.Release|x86.ActiveCfg = Release|Win32
		{0270D4D5-A713-4539-872F-82E22807E989}.Release|x86.Build.0 = Release|Win32
		{715BF710-7147-4AA6-AEC1-EB65409294F9}.Debug|x64.ActiveCfg = Debug|x64
		{715BF710-7147-4AA6-AEC1-EB65409294F9}.Debug|x64.Build.0 = Debug|x64
		{715BF710-7147-4AA6-AEC1-EB65409294F9}.Debug|x86.ActiveCfg = Debug|Win32
		{715BF710-7147-4AA6-AEC1-EB65409294F9}.Debug|x86.Build.0 = Debug|Win32
		{715BF710-7147-4AA6-AEC1-EB65409294F9}.Release|x64.ActiveCfg = Release|x64
		{715BF710-7147-4AA6-AEC1-EB65409294F9}.Release|x64.Build.0 = Release|x64
		{715BF710-7147-4AA6-AEC1-EB65409294F9}.Release|x86.ActiveCfg = Release|Win32
		{715BF710-7147-4AA6-AEC1-EB65409294F9}.Release|x86.Build.0 = Release|Win32
		{2B3A9619-8EDB-4073-9ED0-A2E06599B3D2}.Debug|x64.ActiveCfg = Debug|x64
		{2B3A9619-8EDB-4073-9ED0-A2E06599B3D2}.Debug|x64.Build.0 = Debug|x64
		{2B3A9619-8EDB-4073-9ED0-A2E06599B3D2}.Debug|x86.ActiveCfg = Debug|Win32
		{2B3A9619-8EDB-4073-9ED0-A2E06599B3D2}.Debug|x86.Build.0 = Debug|Win32
		{2B3A9619-8EDB-4073-9ED0-A2E06599B3D2}.Release|x64.ActiveCfg = Release|x64
		{2B3A9619-8EDB-4073-9ED0-A2E06599B3D2}.Release|x64.Build.0 = Release|x64
		{2B3A9619-8EDB-4073-9ED0-A2E06599B3D2}.Release|x86.ActiveCfg = Release|Win32
		{2B3A9619-8EDB-4073-9ED0-A2E06599B3D2}.Release|x86.Build.0 = Release|Win32
		{A85F8681-6000-4CDD-ADBC-C232B50E8650}.Debug|x64.ActiveCfg = Debug|x64
		{A85F8681-6000-4CDD-ADBC-C232B50E8650}.Debug|x64.Build.0 = Debug|x64
		{A85F8681-6000-4CDD-ADBC-C232B50E8650}.Debug|x86.ActiveCfg = Debug|Win32
		{A85F8681-6000-4CDD-ADBC-C232B50E8650}.Debug|x86.Build.0 = Debug|Win32
		{A85F8681-6000-4CDD-ADBC-C232B50E8650}.Release|x64.ActiveCfg = Release|x64
		{A85F8681-6000-4CDD-ADBC-C232B50E8650}.Release|x64.Build.0 = Release|x64
		{A85F8681-6000-4CDD-ADBC-C232B50E8650}.Release|x86.ActiveCfg = Release|Win32
		{A85F8681-6000-4CDD-ADBC-C232B50E8650}.Release|x86.Build.0 = Release|Win32
		{4D4628CA-6F8E-4A4F-BD97-FE04540FD6EF}.Debug|x64.ActiveCfg = Debug|x64
		{4D4628CA-6F8E-4A4F-BD97-FE04540FD6EF}.Debug|x64.Build.0 = Debug|x64
		{4D4628CA-6F8E-4A4F-BD97-FE04540FD6EF}.Debug|x86.ActiveCfg = Debug|Win32
		{4D4628CA-6F8E-4A4F-BD97-FE04540FD6EF}.Debug|x86.Build.0 = Debug|Win32
		{4D4628CA-6F8E-4A4F-BD97-FE04540FD6EF}.Release|x64.ActiveCfg = Release|x64
		{4D4628CA-6F8E-4A4F-BD97-FE04540FD6EF}.Release|x64.Build.0 = Release|x64
		{4D4628CA-6F8E-4A4F-BD97-FE04540FD6EF}.Release|x86.ActiveCfg = Release|Win32
		{4D4628CA-6F8E-4A4F-BD97-FE04540FD6EF}.Release|x86.Build.0 = Release|Win32
		{151EAC31-42F9-4656-B785-0FAAAEAAC6F2}.Debug|x64.ActiveCfg = Debug|x64
		{151EAC31-42F9-4656-B785-0FAAAEAAC6F2}.Debug|x64.Build.0 = Debug|x64
		{151EAC31-42F9-4656-B785-0FAAAEAAC6F2}.Debug|x86.ActiveCfg = Debug|Win32
		{151EAC31-42F9-4656-B785-0FAAAEAAC6F2}.Debug|x86.Build.0 = Debug|Win32
		{151EAC31-42F9-4656-B785-0FAAAEAAC6F2}.Release|x64.ActiveCfg = Release|x64
		{151EAC31-42F9-4656-B785-0FAAAEAAC6F2}.Release|x64.Build.0 = Release|x64
		{151EAC31-42F9-4656-B785-0FAAAEAAC6F2}.Release|x86.ActiveCfg = Release|Win32
		{151EAC31-42F9-4656-B785-0FAAAEAAC6F2}.Release|x86.Build.0 = Release|Win32
		{6621BC8E-4832-49A7-AB3E-C604233EC8AF}.Debug|x64.ActiveCfg = Debug|x64
		{6621BC8E-4832-49A7-AB3E-C604233EC8AF}.Debug|x64.Build.0 = Debug|x64
		{6621BC8E-4832-49A7-AB3E-C604233EC8AF}.Debug|x86.ActiveCfg = Debug|Win32
		{6621BC8E-4832-49A7-AB3E-C604233EC8AF}.Debug|x86.Build.0 = Debug|Win32
		{6621BC8E-4832-49A7-AB3E-C604233EC8AF}.Release|x64.ActiveCfg = Release|x64
		{6621BC8E-4832-49A7-AB3E-C604233EC8AF}.Release|x64.Build.0 = Release|x64
		{6621BC8E-4832-49A7-AB3E-C604233EC8AF}.Release|x86.ActiveCfg = Release|Win32
		{6621BC8E-4832-49A7-AB3E-C604233EC8AF}.Release|x86.Build.0 = Release|Win32
		{9BD1336D-85BB-4F50-AF67-C8E04E7833EB}.Debug|x64.ActiveCfg = Debug|x64
		{9BD1336D-85BB-4F50-AF67-C8E04E7833EB}.Debug|x64.Build.0 = Debug|x64
		{9BD1336D-85BB-4F50-AF67-C8E04E7833EB}.Debug|x86.ActiveCfg = Debug|Win32
		{9BD1336D-85BB-4F50-AF67-C8E04E7833EB}.Debug|x86.Build.0 = Debug|Win32
		{9BD1336D-85BB-4F50-AF67-C8E04E7833EB}.Release|x64.ActiveCfg = Release|x64
		{9BD1336D-85BB-4F50-AF67-C8E04E7833EB}.Release|x64.Build.0 = Release|x64
		{9BD1336D-85BB-4F50-AF67-C8E04E7833EB}.Release|x86.ActiveCfg = Release|Win32
		{9BD1336D-85BB-4F50-AF67-C8E04E7833EB}.Release|x86.Build.0 = Release|Win32
		{5174D645-D5F8-450F-BD4D-B7E58F9275E6}.Debug|x64.ActiveCfg = Debug|x64
		{5174D645-D5F8-450F-BD4D-B7E58F9275E6}.Debug|x64.Build.0 = Debug|x64
		{5174D645-D5F8-450F-BD4D-B7E58F9275E6}.Debug|x86.ActiveCfg = Debug|Win32
		{5174D645-D5F8-450F-BD4D-B7E58F9275E6}.Debug|x86.Build.0 = Debug|Win32
		{5174D645-D5F8-450F-BD4D-B7E58F9275E6}.Release|x64.ActiveCfg = Release|x64
		{5174D645-D5F8-450F-BD4D-B7E58F9275E6}.Release|x64.Build.0 = Release|x64
		{5174D645-D5F8-450F-BD4D-B7E58F9275E6}.Release|x86.ActiveCfg = Release|Win32
		{5174D645-D5F8-450F-BD4D-B7E58F9275E6}.Release|x86.Build.0 = Release|Win32
		{73497DC7-388B-461C-AD0D-CA341789C1A3}.Debug|x64.ActiveCfg = Debug|x64
		{73497DC7-388B-461C-AD0D-CA341789C1A3}.Debug|x64.Build.0 = Debug|x64
		{73497DC7-388B-461C-AD0D-CA341789C1A3}.Debug|x86.ActiveCfg = Debug|Win32
		{73497DC7-388B-461C-AD0D-CA341789C1A3}.Debug|x86.Build.0 = Debug|Win32
		{73497DC7-388B-461C-AD0D-CA341789C1A3}.Release|x64.ActiveCfg = Release|x64
		{73497DC7-388B-461C-AD0D-CA341789C1A3}.Release|x64.Build.0 = Release|x64
		{73497DC7-388B-461C-AD0D-CA341789C1A3}.Release|x86.ActiveCfg = Release|Win32
		{73497DC7-388B-461C-AD0D-CA341789C1A3}.Release|x86.Build.0 = Release|Win32
		{9AA2E4BA-6049-449D-9C33-76CE2B79A543}.Debug|x64.ActiveCfg = Debug|x64
		{9AA2E4BA-6049-449D-9C33-76CE2B79A543}.Debug|x64.Build.0 = Debug|x64
		{9AA2E4BA-6049-449D-9C33-76CE2B79A543}.Debug|x86.ActiveCfg = Debug|Win32
		{9AA2E4BA-6049-449D-9C33-76CE2B79A543}.Debug|x86.Build.0 = Debug|Win32
		{9AA2E4BA-6049-449D-9C33-76CE2B79A543}.Release|x64.ActiveCfg = Release|x64
		{9AA2E4BA-6049-449D-9C33-76CE2B79A543}.Release|x64.Build.0 = Release|x64
		{9AA2E4BA-6049-449D-9C33-76CE2B79A543}.Release|x86.ActiveCfg = Release|Win32
		{9AA2E4BA-6049-449D-9C33-76CE2B79A543}.Release|x86.Build.0 = Release|Win32
		{EC527FBC-6B1E-427D-884F-E222880F71F5}.Debug|x64.ActiveCfg = Debug|x64
		{EC527FBC-6B1E-427D-884F-E222880F71F5}.Debug|x64.Build.0 = Debug|x64
		{EC527FBC-6B1E-427D-884F-E222880F71F5}.Debug|x86.ActiveCfg = Debug|Win32
		{EC527FBC-6B1E-427D-884F-E222880F71F5}.Debug|x86.Build.0 = Debug|Win32
		{EC527FBC-6B1E-427D-884F-E222880F71F5}.Release|x64.ActiveCfg = Release|x64
		{EC527FBC-6B1E-427D-884F-E222880F71F5}.Release|x64.Build.0 = Release|x64
		{EC527FBC-6B1E-427D-884F-E222880F71F5}.Release|x86.ActiveCfg = Release|Win32
		{EC527FBC-6B1E-427D-884F-E222880F71F5}.Release|x86.Build.0 = Release|Win32
		{D93EE232-5668-42BF-BC96-674236F87656}.Debug|x64.ActiveCfg = Debug|x64
		{D93EE232-5668-42BF-BC96-674236F87656}.Debug|x64.Build.0 = Debug|x64
		{D93EE232-5668-42BF-BC96-674236F87656}.Debug|x86.ActiveCfg = Debug|Win32
		{D93EE232-5668-42BF-BC96-674236F87656}.Debug|x86.Build.0 = Debug|Win32
		{D93EE232-5668-42BF-BC96-674236F87656}.Release|x64.ActiveCfg = Release|x64
		{D93EE232-5668-42BF-BC96-674236F87656}.Release|x64.Build.0 = Release|x64
		{D93EE232-5668-42BF-BC96-674236F87656}.Release|x86.ActiveCfg = Release|Win32
		{D93EE232-5668-42BF-BC96-674236F87656}.Release|x86.Build.0 = Release|Win32
		{1109848B-81EA-458A-86BF-25D0B1E3EDFE}.Debug|x64.ActiveCfg = Debug|x64
		{1109848B-81EA-458A-86BF-25D0B1E3EDFE}.Debug|x64.Build.0 = Debug|x64
		{1109848B-81EA-458A-86BF-25D0B1E3EDFE}.Debug|x86.ActiveCfg = Debug|Win32
		{1109848B-81EA-458A-86BF-25D0B1E3EDFE}.Debug|x86.Build.0 = Debug|Win32
		{1109848B-81EA-458A-86BF-25D0B1E3EDFE}.Release|x64.ActiveCfg = Release|x64
		{1109848B-81EA-458A-86BF-25D0B1E3EDFE}.Release|x64.Build.0 = Release|x64
		{1109848B-81EA-458A-86BF-25D0B1E3EDFE}.Release|x86.ActiveCfg = Release|Win32
		{1109848B-81EA-458A-86BF-25D0B1E3EDFE}.Release|x86.Build.0 = Release|Win32
		{F3247D8B-089A-4B3F-B3C4-36FCE5FBA07C}.Debug|x64.ActiveCfg = Debug|x64
		{F3247D8B-089A-4B3F-B3C4-36FCE5FBA07C}.Debug|x64.Build.0 = Debug|x64
		{F3247D8B-089A-4B3F-B3C4-36FCE5FBA07C}.Debug|x86.ActiveCfg = Debug|Win32
		{F3247D8B-089A-4B3F-B3C4-36FCE5FBA07C}.Debug|x86.Build.0 = Debug|Win32
		{F3247D8B-089A-4B3F-B3C4-36FCE5FBA07C}.Release|x64.ActiveCfg = Release|x64
		{F3247D8B-089A-4B3F-B3C4-36FCE5FBA07C}.Release|x64.Build.0 = Release|x64
		{F3247D8B-089A-4B3F-B3C4-36FCE5FBA07C}.Release|x86.ActiveCfg = Release|Win32
		{F3247D8B-089A-4B3F-B3C4-36FCE5FBA07C}.Release|x86.Build.0 = Release|Win32
		{B7A14936-D031-4C84-9D18-F826CA81D33E}.Debug|x64.ActiveCfg = Debug|x64
		{B7A14936-D031-4C84-9D18-F826CA81D33E}.Debug|x64.Build.0 = Debug|x64
		{B7A14936-D031-4C84-9D18-F826CA81D33E}.Debug|x86.ActiveCfg = Debug|Win32
		{B7A14936-D031-4C84-9D18-F826CA81D33E}.Debug|x86.Build.0 = Debug|Win32
		{B7A14936-D031-4C84-9D18-F826CA81D33E}.Release|x64.ActiveCfg = Release|x64
		{B7A14936-D031-4C84-9D18-F826CA81D33E}.Release|x64.Build.0 = Release|x64
		{B7A14936-D031-4C84-9D18-F826CA81D33E}.Release|x86.ActiveCfg = Release|Win32
		{B7A14936-D031-4C84-9D18-F826CA81D33E}.Release|x86.Build.0 = Release|Win32
		{6C604BDC-8BA8-40D1-8280-80E641800FC8}.Debug|x64.ActiveCfg = Debug|x64
		{6C604BDC-8BA8-40D1-8280-80E641800FC8}.Debug|x64.Build.0 = Debug|x64
		{6C604BDC-8BA8-40D1-8280-80E641800FC8}.Debug|x86.ActiveCfg = Debug|Win32
		{6C604BDC-8BA8-40D1-8280-80E641800FC8}.Debug|x86.Build.0 = Debug|Win32
		{6C604BDC-8BA8-40D1-8280-80E641800FC8}.Release|x64.ActiveCfg = Release|x64
		{6C604BDC-8BA8-40D1-8280-80E641800FC8}.Release|x64.Build.0 = Release|x64
		{6C604BDC-8BA8-40D1-8280-80E641800FC8}.Release|x86.ActiveCfg = Release|Win32
		{6C604BDC-8BA8-40D1-8280-80E641800FC8}.Release|x86.Build.0 = Release|Win32
		{EBE43BA4-91C5-4255-BD0F-32F5DA15A7DA}.Debug|x64.ActiveCfg = Debug|x64
		{EBE43BA4-91C5-4255-BD0F-32F5DA15A7DA}.Debug|x64.Build.0 = Debug|x64
		{EBE43BA4-91C5-4255-BD0F-32F5DA15A7DA}.Debug|x86.ActiveCfg = Debug|Win32
		{EBE43BA4-91C5-4255-BD0F-32F5DA15A7DA}.Debug|x86.Build.0 = Debug|Win32
		{EBE43BA4-91C5-4255-BD0F-32F5DA15A7DA}.Release|x64.ActiveCfg = Release|x64
		{EBE43BA4-91C5-4255-BD0F-32F5DA15A7DA}.Release|x64.Build.0 = Release|x64
		{EBE43BA4-91C5-4255-BD0F-32F5DA15A7DA}.Release|x86.ActiveCfg = Release|Win32
		{EBE43BA4-91C5-4255-BD0F-32F5DA15A7DA}.Release|x86.Build.0 = Release|Win32
		{BD286731-6501-40F3-A206-FC484633C338}.Debug|x64.ActiveCfg = Debug|x64
		{BD286731-6501-40F3-A206-FC484633C338}.Debug|x64.Build.0 = Debug|x64
		{BD286731-6501-40F3-A206-FC484633C338}.Debug|x86.ActiveCfg = Debug|Win32
		{BD286731-6501-40F3-A206-FC484633C338}.Debug|x86.Build.0 = Debug|Win32
		{BD286731-6501-40F3-A206-FC484633C338}.Release|x64.ActiveCfg = Release|x64
		{BD286731-6501-40F3-A206-FC484633C338}.Release|x64.Build.0 = Release|x64
		{BD286731-6501-40F3-A206-FC484633C338}.Release|x86.ActiveCfg = Release|Win32
		{BD286731-6501-40F3-A206-FC484633C338}.Release|x86.Build.0 = Release|Win32
		{F4519517-E86B-42BE-95A7-08CAFC311F92}.Debug|x64.ActiveCfg = Debug|x64
		{F4519517-E86B-42BE-95A7-08CAFC311F92}.Debug|x64.Build.0 = Debug|x64
		{F4519517-E86B-42BE-95A7-08CAFC311F92}.Debug|x86.ActiveCfg = Debug|Win32
		{F4519517-E86B-42BE-95A7-08CAFC311F92}.Debug|x86.Build.0 = Debug|Win32
		{F4519517-E86B-42BE-95A7-08CAFC311F92}.Release|x64.ActiveCfg = Release|x64
		{F4519517-E86B-42BE-95A7-08CAFC311F92}.Release|x64.Build.0 = Release|x64
		{F4519517-E86B-42BE-95A7-08CAFC311F92}.Release|x86.ActiveCfg = Release|Win32
		{F4519517-E86B-42BE-95A7-08CAFC311F92}.Release|x86.Build.0 = Release|Win32
		{FD0F8612-3F5D-4487-B67C-E12BE4B1AD53}.Debug|x64.ActiveCfg = Debug|x64
		{FD0F8612-3F5D-4487-B67C-E12BE4B1AD53}.Debug|x64.Build.0 = Debug|x64
		{FD0F8612-3F5D-4487-B67C-E12BE4B1AD53}.Debug|x86.ActiveCfg = Debug|Win32
		{FD0F8612-3F5D-4487-B67C-E12BE4B1AD53}.Debug|x86.Build.0 = Debug|Win32
		{FD0F8612-3F5D-4487-B67C-E12BE4B1AD53}.Release|x64.ActiveCfg = Release|x64
		{FD0F8612-3F5D-4487-B67C-E12BE4B1AD53}.Release|x64.Build.0 = Release|x64
		{FD0F8612-3F5D-4487-B67C-E12BE4B1AD53}.Release|x86.ActiveCfg = Release|Win32
		{FD0F8612-3F5D-4487-B67C-E12BE4B1AD53}.Release|x86.Build.0 = Release|Win32
		{01EB5973-2394-4B3D-BAFB-B34043F9A839}.Debug|x64.ActiveCfg = Debug|x64
		{01EB5973-2394-4B3D-BAFB-B34043F9A839}.Debug|x64.Build.0 = Debug|x64
		{01EB5973-2394-4B3D-BAFB-B34043F9A839}.Debug|x86.ActiveCfg = Debug|Win32
		{01EB5973-2394-4B3D-BAFB-B34043F9A839}.Debug|x86.Build.0 = Debug|Win32
		{01EB5973-2394-4B3D-BAFB-B34043F9A839}.Release|x64.ActiveCfg = Release|x64
		{01EB5973-2394-4B3D-BAFB-B34043F9A839}.Release|x64.Build.0 = Release|x64
		{01EB5973-2394-4B3D-BAFB-B34043F9A839}.Release|x86.ActiveCfg = Release|Win32
		{01EB5973-2394-4B3D-BAFB-B34043F9A839}.Release|x86.Build.0 = Release|Win32
		{5FF9067D-1ABC-417E-89CD-C5F70B027FAA}.Debug|x64.ActiveCfg = Debug|x64
		{5FF9067D-1ABC-417E-89CD-C5F70B027FAA}.Debug|x64.Build.0 = Debug|x64
		{5FF9067D-1ABC-417E-89CD-C5F70B027FAA}.Debug|x86.ActiveCfg = Debug|Win32
		{5FF9067D-1ABC-417E-89CD-C5F70B027FAA}.Debug|x86.Build.0 = Debug|Win32
		{5FF9067D-1ABC-417E-89CD-C5F70B027FAA}.Release|x64.ActiveCfg = Release|x64
		{5FF9067D-1ABC-417E-89CD-C5F70B027FAA}.Release|x64.Build.0 = Release|x64
		{5FF9067D-1ABC-417E-89CD-C5F70B027FAA}.Release|x86.ActiveCfg = Release|Win32
		{5FF9067D-1ABC-417E-89CD-C5F70B027FAA}.Release|x86.Build.0 = Release|Win32
		{93F1ACFC-B56B-4F79-AE65-F283DAF2C351}.Debug|x64.ActiveCfg = Debug|x64
		{93F1ACFC-B56B-4F79-AE65-F283DAF2C351}.Debug|x64.Build.0 = Debug|x64
		{93F1ACFC-B56B-4F79-AE65-F283DAF2C351}.Debug|x86.ActiveCfg = Debug|Win32
		{93F1ACFC-B56B-4F79-AE65-F283DAF2C351}.Debug|x86.Build.0 = Debug|Win32
		{93F1ACFC-B56B-4F79-AE65-F283DAF2C351}.Release|x64.ActiveCfg = Release|x64
		{93F1ACFC-B56B-4F79-AE65-F283DAF2C351}.Release|x64.Build.0 = Release|x64
		{93F1ACFC-B56B-4F79-AE65-F283DAF2C351}.Release|x86.ActiveCfg = Release|Win32
		{93F1ACFC-B56B-4F79-AE65-F283DAF2C351}.Release|x86.Build.0 = Release|Win32
		{4AE4A61C-227D-4B5C-B094-E55FD9CD3C98}.Debug|x64.ActiveCfg = Debug|x64
		{4AE4A61C-227D-4B5C-B094-E55FD9CD3C98}.Debug|x64.Build.0 = Debug|x64
		{4AE4A61C-227D-4B5C-B094-E55FD9CD3C98}.Debug|x86.ActiveCfg = Debug|Win32
		{4AE4A61C-227D-4B5C-B094-E55FD9CD3C98}.Debug|x86.Build.0 = Debug|Win32
		{4AE4A61C-227D-4B5C-B094-E55FD9CD3C98}.Release|x64.ActiveCfg = Release|x64
		{4AE4A61C-227D-4B5C-B094-E55FD9CD3C98}.Release|x64.Build.0 = Release|x64
		{4AE4A61C-227D-4B5C-B094-E55FD9CD3C98}.Release|x86.ActiveCfg = Release|Win32
		{4AE4A61C-227D-4B5C-B094-E55FD9CD3C98}.Release|x86.Build.0 = Release|Win32
		{6F77B72D-19AA-4DEC-9D0F-B8FAC4434B45}.Debug|x64.ActiveCfg = Debug|x64
		{6F77B72D-19AA-4DEC-9D0F-B8FAC4434B45}.Debug|x64.Build.0 = Debug|x64
		{6F77B72D-19AA-4DEC-9D0F-B8FAC4434B45}.Debug|x86.ActiveCfg = Debug|Win32
		{6F77B72D-19AA-4DEC-9D0F-B8FAC4434B45}.Debug|x86.Build.0 = Debug|Win32
		{6F77B72D-19AA-4DEC-9D0F-B8FAC4434B45}.Release|x64.ActiveCfg = Release|x64
		{6F77B72D-19AA-4DEC-9D0F-B8FAC4434B45}.Release|x64.Build.0 = Release|x64
		{6F77B72D-19AA-4DEC-9D0F-B8FAC4434B45}.Release|x86.ActiveCfg = Release|Win32
		{6F77B72D-19AA-4DEC-9D0F-B8FAC4434B45}.Release|x86.Build.0 = Release|Win32
		{CE64308F-2E25-4EB6-84C4-88D5325189AC}.Debug|x64.ActiveCfg = Debug|x64
		{CE64308F-2E25-4EB6-84C4-88D5325189AC}.Debug|x64.Build.0 = Debug|x64
		{CE64308F-2E25-4EB6-84C4-88D5325189AC}.Debug|x86.ActiveCfg = Debug|Win32
		{CE64308F-2E25-4EB6-84C4-88D5325189AC}.Debug|x86.Build.0 = Debug|Win32
		{CE64308F-2E25-4EB6-84C4-88D5325189AC}.Release|x64.ActiveCfg = Release|x64
		{CE64308F-2E25-4EB6-84C4-88D5325189AC}.Release|x64.Build.0 = Release|x64
		{CE64308F-2E25-4EB6-84C4-88D5325189AC}.Release|x86.ActiveCfg = Release|Win32
		{CE64308F-2E25-4EB6-84C4-88D5325189AC}.Release|x86.Build.0 = Release|Win32
		{44E49D38-6A70-43F6-A60C-8670C0D1BDE9}.Debug|x64.ActiveCfg = Debug|x64
		{44E49D38-6A70-43F6-A60C-8670C0D1BDE9}.Debug|x64.Build.0 = Debug|x64
		{44E49D38-6A70-43F6-A60C-8670C0D1BDE9}.Debug|x86.ActiveCfg = Debug|Win32
		{44E49D38-6A70-43F6-A60C-8670C0D1BDE9}.Debug|x86.Build.0 = Debug|Win32
		{44E49D38-6A70-43F6-A60C-8670C0D1BDE9}.Release|x64.ActiveCfg = Release|x64
		{44E49D38-6A70-43F6-A60C-8670C0D1BDE9}.Release|x64.Build.0 = Release|x64
		{44E49D38-6A70-43F6-A60C-8670C0D1BDE9}.Release|x86.ActiveCfg = Release|Win32
		{44E49D38-6A70-43F6-A60C-8670C0D1BDE9}.Release|x86.Build.0 = Release|Win32
		{DE9BEBEB-96A0-496C-8EC9-0CD14FDE6F84}.Debug|x64.ActiveCfg = Debug|x64
		{DE9BEBEB-96A0-496C-8EC9-0CD14FDE6F84}.Debug|x64.Build.0 = Debug|x64
		{DE9BEBEB-96A0-496C-8EC9-0CD14FDE6F84}.Debug|x86.ActiveCfg = Debug|Win32
		{DE9BEBEB-96A0-496C-8EC9-0CD14FDE6F84}.Debug|x86.Build.0 = Debug|Win32
		{DE9BEBEB-96A0-496C-8EC9-0CD14FDE6F84}.Release|x64.ActiveCfg = Release|x64
		{DE9BEBEB-96A0-496C-8EC9-0CD14FDE6F84}.Release|x64.Build.0 = Release|x64
		{DE9BEBEB-96A0-496C-8EC9-0CD14FDE6F84}.Release|x86.ActiveCfg = Release|Win32
		{DE9BEBEB-96A0-496C-8EC9-0CD14FDE6F84}.Release|x86.Build.0 = Release|Win32
		{5CF9C436-7E64-48F7-A0CB-79E9A8B8CB7A}.Debug|x64.ActiveCfg = Debug|x64
		{5CF9C436-7E64-48F7-A0CB-79E9A8B8CB7A}.Debug|x64.Build.0 = Debug|x64
		{5CF9C436-7E64-48F7-A0CB-79E9A8B8CB7A}.Debug|x86.ActiveCfg = Debug|Win32
		{5CF9C436-7E64-48F7-A0CB-79E9A8B8CB7A}.Debug|x86.Build.0 = Debug|Win32
		{5CF9C436-7E64-48F7-A0CB-79E9A8B8CB7A}.Release|x64.ActiveCfg = Release|x64
		{5CF9C436-7E64-48F7-A0CB-79E9A8B8CB7A}.Release|x64.Build.0 = Release|x64
		{5CF9C436-7E64-48F7-A0CB-79E9A8B8CB7A}.Release|x86.ActiveCfg = Release|Win32
		{5CF9C436-7E64-48F7-A0CB-79E9A8B8CB7A}.Release|x86.Build.0 = Release|Win32
		{5592A2E7-75BE-464F-B502-CB19750FCA53}.Debug|x64.ActiveCfg = Debug|x64
		{5592A2E7-75BE-464F-B502-CB19750FCA53}.Debug|x64.Build.0 = Debug|x64
		{5592A2E7-75BE-464F-B502-CB19750FCA53}.Debug|x86.ActiveCfg = Debug|Win32
		{5592A2E7-75BE-464F-B502-CB19750FCA53}.Debug|x86.Build.0 = Debug|Win32
		{5592A2E7-75BE-464F-B502-CB19750FCA53}.Release|x64.ActiveCfg = Release|x64
		{5592A2E7-75BE-464F-B502-CB19750FCA53}.Release|x64.Build.0 = Release|x64
		{5592A2E7-75BE-464F-B502-CB19750FCA53}.Release|x86.ActiveCfg = Release|Win32
		{5592A2E7-75BE-464F-B502-CB19750FCA53}.Release|x86.Build.0 = Release|Win32
		{CBA08732-B7B9-4C60-BFCC-1D9877FA1118}.Debug|x64.ActiveCfg = Debug|x64
		{CBA08732-B7B9-4C60-BFCC-1D9877FA1118}.Debug|x64.Build.0 = Debug|x64
		{CBA08732-B7B9-4C60-BFCC-1D9877FA1118}.Debug|x86.ActiveCfg = Debug|Win32
		{CBA08732-B7B9-4C60-BFCC-1D9877FA1118}.Debug|x86.Build.0 = Debug|Win32
		{CBA08732-B7B9-4C60-BFCC-1D9877FA1118}.Release|x64.ActiveCfg = Release|x64
		{CBA08732-B7B9-4C60-BFCC-1D9877FA1118}.Release|x64.Build.0 = Release|x64
		{CBA08732-B7B9-4C60-BFCC-1D9877FA1118}.Release|x86.ActiveCfg = Release|Win32
		{CBA08732-B7B9-4C60-BFCC-1D9877FA1118}.Release|x86.Build.0 = Release|Win32
		{F617CE6F-F285-4F09-9274-B2B01063736B}.Debug|x64.ActiveCfg = Debug|x64
		{F617CE6F-F285-4F09-9274-B2B01063736B}.Debug|x64.Build.0 = Debug|x64
		{F617CE6F-F285-4F09-9274-B2B01063736B}.Debug|x86.ActiveCfg = Debug|Win32
		{F617CE6F-F285-4F09-9274-B2B01063736B}.Debug|x86.Build.0 = Debug|Win32
		{F617CE6F-F285-4F09-9274-B2B01063736B}.Release|x64.ActiveCfg = Release|x64
		{F617CE6F-F285-4F09-9274-B2B01063736B}.Release|x64.Build.0 = Release|x64
		{F617CE6F-F285-4F09-9274-B2B01063736B}.Release|x86.ActiveCfg = Release|Win32
		{F617CE6F-F285-4F09-9274-B2B01063736B}.Release|x86.Build.0 = Release|Win32
		{AF97D3CE-63F5-4252-B3BC-9245023FDFA3}.Debug|x64.ActiveCfg = Debug|x64
		{AF97D3CE-63F5-4252-B3BC-9245023FDFA3}.Debug|x64.Build.0 = Debug|x64
		{AF97D3CE-63F5-4252-B3BC-9245023FDFA3}.Debug|x86.ActiveCfg = Debug|Win32
		{AF97D3CE-63F5-4252-B3BC-9245023FDFA3}.Debug|x86.Build.0 = Debug|Win32
		{AF97D3CE-63F5-4252-B3BC-9245023FDFA3}.Release|x64.ActiveCfg = Release|x64
		{AF97D3CE-63F5-4252-B3BC-9245023FDFA3}.Release|x64.Build.0 = Release|x64
		{AF97D3CE-63F5-4252-B3BC-9245023FDFA3}.Release|x86.ActiveCfg = Release|Win32
		{AF97D3CE-63F5-4252-B3BC-9245023FDFA3}.Release|x86.Build.0 = Release|Win32
		{70F161B2-743D-4B35-A5F2-85D5E5238786}.Debug|x64.ActiveCfg = Debug|x64
		{70F161B2-743D-4B35-A5F2-85D5E5238786}.Debug|x64.Build.0 = Debug|x64
		{70F161B2-743D-4B35-A5F2-85D5E5238786}.Debug|x86.ActiveCfg = Debug|Win32
		{70F161B2-743D-4B35-A5F2-85D5E5238786}.Debug|x86.Build.0 = Debug|Win32
		{70F161B2-743D-4B35-A5F2-85D5E5238786}.Release|x64.ActiveCfg = Release|x64
		{70F161B2-743D-4B35-A5F2-85D5E5238786}.Release|x64.Build.0 = Release|x64
		{70F161B2-743D-4B35-A5F2-85D5E5238786}.Release|x86.ActiveCfg = Release|Win32
		{70F161B2-743D-4B35-A5F2-85D5E5238786}.Release|x86.Build.0 = Release|Win32
		{DC471F94-3748-46D1-8388-299EEECA1596}.Debug|x64.ActiveCfg = Debug|x64
		{DC471F94-3748-46D1-8388-299EEECA1596}.Debug|x64.Build.0 = Debug|x64
		{DC471F94-3748-46D1-8388-299EEECA1596}.Debug|x86.ActiveCfg = Debug|Win32
		{DC471F94-3748-46D1-8388-299EEECA1596}.Debug|x86.Build.0 = Debug|Win32
		{DC471F94-3748-46D1-8388-299EEECA1596}.Release|x64.ActiveCfg = Release|x64
		{DC471F94-3748-46D1-8388-299EEECA1596}.Release|x64.Build.0 = Release|x64
		{DC471F94-3748-46D1-8388-299EEECA1596}.Release|x86.ActiveCfg = Release|Win32
		{DC471F94-3748-46D1-8388-299EEECA1596}.Release|x86.Build.0 = Release|Win32
		{4EDF2C1F-2791-4B27-966B-E9AEEFF39FEF}.Debug|x64.ActiveCfg = Debug|x64
		{4EDF2C1F-2791-4B27-966B-E9AEEFF39FEF}.Debug|x64.Build.0 = Debug|x64
		{4EDF2C1F-2791-4B27-966B-E9AEEFF39FEF}.Debug|x86.ActiveCfg = Debug|Win32
		{4EDF2C1F-2791-4B27-966B-E9AEEFF39FEF}.Debug|x86.Build.0 = Debug|Win32
		{4EDF2C1F-2791-4B27-966B-E9AEEFF39FEF}.Release|x64.ActiveCfg = Release|x64
		{4EDF2C1F-2791-4B27-966B-E9AEEFF39FEF}.Release|x64.Build.0 = Release|x64
		{4EDF2C1F-2791-4B27-966B-E9AEEFF39FEF}.Release|x86.ActiveCfg = Release|Win32
		{4EDF2C1F-2791-4B27-966B-E9AEEFF39FEF}.Release|x86.Build.0 = Release|Win32
	EndGlobalSection
	GlobalSection(SolutionProperties) = preSolution
		HideSolutionNode = FALSE
	EndGlobalSection
	GlobalSection(ExtensibilityGlobals) = postSolution
		SolutionGuid = {2C1CC3A5-86A1-4D6D-827B-78CFBC024208}
	EndGlobalSection
EndGlobal
